{
    "name": "@teamscale/swc-instrumenter-plugin",
    "version": "0.0.1-beta.42",
    "lockfileVersion": 2,
    "requires": true,
    "packages": {
        "": {
            "name": "@teamscale/swc-instrumenter-plugin",
            "version": "0.0.1-beta.42",
            "license": "Apache-2.0",
            "devDependencies": {
                "swc-plugin-coverage-instrument": "^0.0.13"
            }
        },
        "node_modules/swc-plugin-coverage-instrument": {
            "version": "0.0.13",
            "resolved": "https://registry.npmjs.org/swc-plugin-coverage-instrument/-/swc-plugin-coverage-instrument-0.0.13.tgz",
            "integrity": "sha512-lw+i9axBFD8mHW5qm6gAqsQsLSi8NvTZe7rLa1nu64i/PC1rR5JHpm5uIrDF5KhzlSrhfMJYGgbZ4quPKmd+PA==",
            "dev": true
        }
    },
    "dependencies": {
        "swc-plugin-coverage-instrument": {
            "version": "0.0.13",
            "resolved": "https://registry.npmjs.org/swc-plugin-coverage-instrument/-/swc-plugin-coverage-instrument-0.0.13.tgz",
            "integrity": "sha512-lw+i9axBFD8mHW5qm6gAqsQsLSi8NvTZe7rLa1nu64i/PC1rR5JHpm5uIrDF5KhzlSrhfMJYGgbZ4quPKmd+PA==",
            "dev": true
        }
    }
}
